
Microsoft Visual Studio Solution File, Format Version 12.00
# Visual Studio Version 16
VisualStudioVersion = 16.0.30002.166
MinimumVisualStudioVersion = 10.0.40219.1
Project("{FAE04EC0-301F-11D3-BF4B-00C04F79EFBC}") = "FirstApp", "FirstApp\FirstApp.csproj", "{FB007504-CE60-43A7-92B9-84B2A53E1B97}"
EndProject
Project("{FAE04EC0-301F-11D3-BF4B-00C04F79EFBC}") = "CartInfo", "CartInfo\CartInfo.csproj", "{3E291B3E-64F4-4573-9568-7E040942FBFE}"
EndProject
Global
	GlobalSection(SolutionConfigurationPlatforms) = preSolution
		Debug|Any CPU = Debug|Any CPU
		Release|Any CPU = Release|Any CPU
	EndGlobalSection
	GlobalSection(ProjectConfigurationPlatforms) = postSolution
		{FB007504-CE60-43A7-92B9-84B2A53E1B97}.Debug|Any CPU.ActiveCfg = Debug|Any CPU
		{FB007504-CE60-43A7-92B9-84B2A53E1B97}.Debug|Any CPU.Build.0 = Debug|Any CPU
		{FB007504-CE60-43A7-92B9-84B2A53E1B97}.Release|Any CPU.ActiveCfg = Release|Any CPU
		{FB007504-CE60-43A7-92B9-84B2A53E1B97}.Release|Any CPU.Build.0 = Release|Any CPU
		{3E291B3E-64F4-4573-9568-7E040942FBFE}.Debug|Any CPU.ActiveCfg = Debug|Any CPU
		{3E291B3E-64F4-4573-9568-7E040942FBFE}.Debug|Any CPU.Build.0 = Debug|Any CPU
		{3E291B3E-64F4-4573-9568-7E040942FBFE}.Release|Any CPU.ActiveCfg = Release|Any CPU
		{3E291B3E-64F4-4573-9568-7E040942FBFE}.Release|Any CPU.Build.0 = Release|Any CPU
	EndGlobalSection
	GlobalSection(SolutionProperties) = preSolution
		HideSolutionNode = FALSE
	EndGlobalSection
	GlobalSection(ExtensibilityGlobals) = postSolution
		SolutionGuid = {7C8DC7D4-DD64-40AE-B7C8-A418DB3EF4AD}
	EndGlobalSection
EndGlobal
